<?xml version="1.0" encoding="utf-8"?>
<Project ToolsVersion="4.0" xmlns="http://schemas.microsoft.com/developer/msbuild/2003">
  <ItemGroup>
    <Filter Include="源文件">
      <UniqueIdentifier>{4FC737F1-C7A5-4376-A066-2A32D752A2FF}</UniqueIdentifier>
      <Extensions>cpp;c;cc;cxx;c++;cppm;ixx;def;odl;idl;hpj;bat;asm;asmx</Extensions>
    </Filter>
    <Filter Include="头文件">
      <UniqueIdentifier>{93995380-89BD-4b04-88EB-625FBE52EBFB}</UniqueIdentifier>
      <Extensions>h;hh;hpp;hxx;h++;hm;inl;inc;ipp;xsd</Extensions>
    </Filter>
    <Filter Include="资源文件">
      <UniqueIdentifier>{67DA6AB6-F800-4c08-8B7A-83BB121AAD01}</UniqueIdentifier>
      <Extensions>rc;ico;cur;bmp;dlg;rc2;rct;bin;rgs;gif;jpg;jpeg;jpe;resx;tiff;tif;png;wav;mfcribbon-ms</Extensions>
    </Filter>
  </ItemGroup>
  <ItemGroup>
    <ClCompile Include="Src\Main.cpp">
      <Filter>源文件</Filter>
    </ClCompile>
    <ClCompile Include="Src\Utility.cpp">
      <Filter>源文件</Filter>
    </ClCompile>
    <ClCompile Include="Src\State.cpp">
      <Filter>源文件</Filter>
    </ClCompile>
    <ClCompile Include="Src\TitleState.cpp">
      <Filter>源文件</Filter>
    </ClCompile>
    <ClCompile Include="Src\StateStack.cpp">
      <Filter>源文件</Filter>
    </ClCompile>
    <ClCompile Include="Src\MusicPlayer.cpp">
      <Filter>源文件</Filter>
    </ClCompile>
    <ClCompile Include="Src\Component.cpp">
      <Filter>源文件</Filter>
    </ClCompile>
    <ClCompile Include="Src\Container.cpp">
      <Filter>源文件</Filter>
    </ClCompile>
    <ClCompile Include="Src\MenuState.cpp">
      <Filter>源文件</Filter>
    </ClCompile>
    <ClCompile Include="Src\button.cpp">
      <Filter>源文件</Filter>
    </ClCompile>
    <ClCompile Include="Src\Application.cpp">
      <Filter>源文件</Filter>
    </ClCompile>
    <ClCompile Include="Src\SoundPlayer.cpp">
      <Filter>源文件</Filter>
    </ClCompile>
    <ClCompile Include="Src\CommandQueue.cpp">
      <Filter>源文件</Filter>
    </ClCompile>
    <ClCompile Include="Src\Accounts.cpp">
      <Filter>源文件</Filter>
    </ClCompile>
    <ClCompile Include="Src\TextField.cpp">
      <Filter>源文件</Filter>
    </ClCompile>
    <ClCompile Include="Src\LoginState.cpp">
      <Filter>源文件</Filter>
    </ClCompile>
    <ClCompile Include="Src\Command.cpp">
      <Filter>源文件</Filter>
    </ClCompile>
    <ClCompile Include="Src\GameState.cpp">
      <Filter>源文件</Filter>
    </ClCompile>
    <ClCompile Include="Src\KeySettingState.cpp">
      <Filter>源文件</Filter>
    </ClCompile>
    <ClCompile Include="Src\Label.cpp">
      <Filter>源文件</Filter>
    </ClCompile>
    <ClCompile Include="Src\Saves.cpp">
      <Filter>源文件</Filter>
    </ClCompile>
    <ClCompile Include="Src\GameSettingsState.cpp">
      <Filter>源文件</Filter>
    </ClCompile>
    <ClCompile Include="Src\GameoverState.cpp">
      <Filter>源文件</Filter>
    </ClCompile>
    <ClCompile Include="Src\PauseState.cpp">
      <Filter>源文件</Filter>
    </ClCompile>
    <ClCompile Include="Src\SaveGameState.cpp">
      <Filter>源文件</Filter>
    </ClCompile>
    <ClCompile Include="Src\LoadSavesState.cpp">
      <Filter>源文件</Filter>
    </ClCompile>
    <ClCompile Include="Src\MagicState.cpp">
      <Filter>源文件</Filter>
    </ClCompile>
    <ClCompile Include="Src\RankState.cpp">
      <Filter>源文件</Filter>
    </ClCompile>
  </ItemGroup>
  <ItemGroup>
    <ClInclude Include="Inc\Application.h">
      <Filter>头文件</Filter>
    </ClInclude>
    <ClInclude Include="Inc\ResourceHolder.h">
      <Filter>头文件</Filter>
    </ClInclude>
    <ClInclude Include="Inc\ResourceIdentifiers.h">
      <Filter>头文件</Filter>
    </ClInclude>
    <ClInclude Include="Inc\StateStack.h">
      <Filter>头文件</Filter>
    </ClInclude>
    <ClInclude Include="Inc\State.h">
      <Filter>头文件</Filter>
    </ClInclude>
    <ClInclude Include="Inc\StateIdentifiers.h">
      <Filter>头文件</Filter>
    </ClInclude>
    <ClInclude Include="Inc\Utility.h">
      <Filter>头文件</Filter>
    </ClInclude>
    <ClInclude Include="Inc\TitleState.h">
      <Filter>头文件</Filter>
    </ClInclude>
    <ClInclude Include="Inc\MusicPlayer.h">
      <Filter>头文件</Filter>
    </ClInclude>
    <ClInclude Include="Inc\MenuState.h">
      <Filter>头文件</Filter>
    </ClInclude>
    <ClInclude Include="Inc\Container.h">
      <Filter>头文件</Filter>
    </ClInclude>
    <ClInclude Include="Inc\Component.h">
      <Filter>头文件</Filter>
    </ClInclude>
    <ClInclude Include="Inc\Button.h">
      <Filter>头文件</Filter>
    </ClInclude>
    <ClInclude Include="Inc\SoundPlayer.h">
      <Filter>头文件</Filter>
    </ClInclude>
    <ClInclude Include="Inc\LoginState.h">
      <Filter>头文件</Filter>
    </ClInclude>
    <ClInclude Include="Inc\Accounts.h">
      <Filter>头文件</Filter>
    </ClInclude>
    <ClInclude Include="Inc\Saves.h">
      <Filter>头文件</Filter>
    </ClInclude>
    <ClInclude Include="Inc\GameState.h">
      <Filter>头文件</Filter>
    </ClInclude>
    <ClInclude Include="Inc\Command.h">
      <Filter>头文件</Filter>
    </ClInclude>
    <ClInclude Include="Inc\CommandQueue.h">
      <Filter>头文件</Filter>
    </ClInclude>
    <ClInclude Include="Inc\TextField.h">
      <Filter>头文件</Filter>
    </ClInclude>
    <ClInclude Include="Inc\KeySettingState.h">
      <Filter>头文件</Filter>
    </ClInclude>
    <ClInclude Include="Inc\Label.h">
      <Filter>头文件</Filter>
    </ClInclude>
    <ClInclude Include="Inc\GameSettingsState.h">
      <Filter>头文件</Filter>
    </ClInclude>
    <ClInclude Include="Inc\GameoverState.h">
      <Filter>头文件</Filter>
    </ClInclude>
    <ClInclude Include="Inc\PauseState.h">
      <Filter>头文件</Filter>
    </ClInclude>
    <ClInclude Include="Inc\SaveGameState.h">
      <Filter>头文件</Filter>
    </ClInclude>
    <ClInclude Include="Inc\LoadSavesState.h">
      <Filter>头文件</Filter>
    </ClInclude>
    <ClInclude Include="Inc\RankState.h">
      <Filter>头文件</Filter>
    </ClInclude>
    <ClInclude Include="Inc\MagicState.h">
      <Filter>头文件</Filter>
    </ClInclude>
    <ClInclude Include="Inc\Foreach.h">
      <Filter>头文件</Filter>
    </ClInclude>
  </ItemGroup>
  <ItemGroup>
    <None Include="Inc\ResourceHolder.inl">
      <Filter>头文件</Filter>
    </None>
    <None Include="ClassDiagram.cd" />
  </ItemGroup>
</Project>